// !$*UTF8*$!
{
	archiveVersion = 1;
	classes = {
	};
	objectVersion = 48;
	objects = {

/* Begin PBXBuildFile section */
		4F8EA46C205C557A009E8B2A /* SettingViewController.swift in Sources */ = {isa = PBXBuildFile; fileRef = 4F8EA46B205C557A009E8B2A /* SettingViewController.swift */; };
		4FDB8477201FBFD50099BDEC /* AppDelegate.swift in Sources */ = {isa = PBXBuildFile; fileRef = 4FDB8476201FBFD50099BDEC /* AppDelegate.swift */; };
		4FDB8479201FBFD50099BDEC /* CamViewController.swift in Sources */ = {isa = PBXBuildFile; fileRef = 4FDB8478201FBFD50099BDEC /* CamViewController.swift */; };
		4FDB847C201FBFD50099BDEC /* Main.storyboard in Resources */ = {isa = PBXBuildFile; fileRef = 4FDB847A201FBFD50099BDEC /* Main.storyboard */; };
		4FDB847E201FBFD50099BDEC /* Assets.xcassets in Resources */ = {isa = PBXBuildFile; fileRef = 4FDB847D201FBFD50099BDEC /* Assets.xcassets */; };
		4FDB8481201FBFD50099BDEC /* LaunchScreen.storyboard in Resources */ = {isa = PBXBuildFile; fileRef = 4FDB847F201FBFD50099BDEC /* LaunchScreen.storyboard */; };
		4FDB8489201FCC1A0099BDEC /* PreviewView.swift in Sources */ = {isa = PBXBuildFile; fileRef = 4FDB8488201FCC1A0099BDEC /* PreviewView.swift */; };
		4FDB848B202BF1C70099BDEC /* PhotoCaptureDelegate.swift in Sources */ = {isa = PBXBuildFile; fileRef = 4FDB848A202BF1C70099BDEC /* PhotoCaptureDelegate.swift */; };
		4FF5E286205C6336001CB5F8 /* AddSettingViewController.swift in Sources */ = {isa = PBXBuildFile; fileRef = 4FF5E285205C6336001CB5F8 /* AddSettingViewController.swift */; };
		4FF5E28A205C6ADF001CB5F8 /* SettingsController.swift in Sources */ = {isa = PBXBuildFile; fileRef = 4FF5E289205C6ADF001CB5F8 /* SettingsController.swift */; };
		4FF5E28C205C6B4D001CB5F8 /* SettingObj.swift in Sources */ = {isa = PBXBuildFile; fileRef = 4FF5E28B205C6B4D001CB5F8 /* SettingObj.swift */; };
/* End PBXBuildFile section */

/* Begin PBXFileReference section */
		4F8EA46B205C557A009E8B2A /* SettingViewController.swift */ = {isa = PBXFileReference; lastKnownFileType = sourcecode.swift; path = SettingViewController.swift; sourceTree = "<group>"; };
		4FDB8473201FBFD50099BDEC /* Cameraw.app */ = {isa = PBXFileReference; explicitFileType = wrapper.application; includeInIndex = 0; path = Cameraw.app; sourceTree = BUILT_PRODUCTS_DIR; };
		4FDB8476201FBFD50099BDEC /* AppDelegate.swift */ = {isa = PBXFileReference; lastKnownFileType = sourcecode.swift; path = AppDelegate.swift; sourceTree = "<group>"; };
		4FDB8478201FBFD50099BDEC /* CamViewController.swift */ = {isa = PBXFileReference; lastKnownFileType = sourcecode.swift; path = CamViewController.swift; sourceTree = "<group>"; };
		4FDB847B201FBFD50099BDEC /* Base */ = {isa = PBXFileReference; lastKnownFileType = file.storyboard; name = Base; path = Base.lproj/Main.storyboard; sourceTree = "<group>"; };
		4FDB847D201FBFD50099BDEC /* Assets.xcassets */ = {isa = PBXFileReference; lastKnownFileType = folder.assetcatalog; path = Assets.xcassets; sourceTree = "<group>"; };
		4FDB8480201FBFD50099BDEC /* Base */ = {isa = PBXFileReference; lastKnownFileType = file.storyboard; name = Base; path = Base.lproj/LaunchScreen.storyboard; sourceTree = "<group>"; };
		4FDB8482201FBFD50099BDEC /* Info.plist */ = {isa = PBXFileReference; lastKnownFileType = text.plist.xml; path = Info.plist; sourceTree = "<group>"; };
		4FDB8488201FCC1A0099BDEC /* PreviewView.swift */ = {isa = PBXFileReference; lastKnownFileType = sourcecode.swift; path = PreviewView.swift; sourceTree = "<group>"; };
		4FDB848A202BF1C70099BDEC /* PhotoCaptureDelegate.swift */ = {isa = PBXFileReference; lastKnownFileType = sourcecode.swift; path = PhotoCaptureDelegate.swift; sourceTree = "<group>"; };
		4FF5E285205C6336001CB5F8 /* AddSettingViewController.swift */ = {isa = PBXFileReference; lastKnownFileType = sourcecode.swift; path = AddSettingViewController.swift; sourceTree = "<group>"; };
		4FF5E289205C6ADF001CB5F8 /* SettingsController.swift */ = {isa = PBXFileReference; lastKnownFileType = sourcecode.swift; path = SettingsController.swift; sourceTree = "<group>"; };
		4FF5E28B205C6B4D001CB5F8 /* SettingObj.swift */ = {isa = PBXFileReference; lastKnownFileType = sourcecode.swift; path = SettingObj.swift; sourceTree = "<group>"; };
/* End PBXFileReference section */

/* Begin PBXFrameworksBuildPhase section */
		4FDB8470201FBFD50099BDEC /* Frameworks */ = {
			isa = PBXFrameworksBuildPhase;
			buildActionMask = 2147483647;
			files = (
			);
			runOnlyForDeploymentPostprocessing = 0;
		};
/* End PBXFrameworksBuildPhase section */

/* Begin PBXGroup section */
		4F8EA464204C9BD5009E8B2A /* Frameworks */ = {
			isa = PBXGroup;
			children = (
			);
			name = Frameworks;
			sourceTree = "<group>";
		};
		4FDB846A201FBFD50099BDEC = {
			isa = PBXGroup;
			children = (
				4FDB8475201FBFD50099BDEC /* Cameraw */,
				4FDB8474201FBFD50099BDEC /* Products */,
				4F8EA464204C9BD5009E8B2A /* Frameworks */,
			);
			sourceTree = "<group>";
		};
		4FDB8474201FBFD50099BDEC /* Products */ = {
			isa = PBXGroup;
			children = (
				4FDB8473201FBFD50099BDEC /* Cameraw.app */,
			);
			name = Products;
			sourceTree = "<group>";
		};
		4FDB8475201FBFD50099BDEC /* Cameraw */ = {
			isa = PBXGroup;
			children = (
				4FDB8476201FBFD50099BDEC /* AppDelegate.swift */,
				4FDB8488201FCC1A0099BDEC /* PreviewView.swift */,
				4FDB848A202BF1C70099BDEC /* PhotoCaptureDelegate.swift */,
				4FDB8478201FBFD50099BDEC /* CamViewController.swift */,
				4F8EA46B205C557A009E8B2A /* SettingViewController.swift */,
				4FF5E285205C6336001CB5F8 /* AddSettingViewController.swift */,
				4FDB847A201FBFD50099BDEC /* Main.storyboard */,
				4FF5E289205C6ADF001CB5F8 /* SettingsController.swift */,
				4FF5E28B205C6B4D001CB5F8 /* SettingObj.swift */,
				4FDB847D201FBFD50099BDEC /* Assets.xcassets */,
				4FDB847F201FBFD50099BDEC /* LaunchScreen.storyboard */,
				4FDB8482201FBFD50099BDEC /* Info.plist */,
			);
			path = Cameraw;
			sourceTree = "<group>";
		};
/* End PBXGroup section */

/* Begin PBXNativeTarget section */
		4FDB8472201FBFD50099BDEC /* Cameraw */ = {
			isa = PBXNativeTarget;
			buildConfigurationList = 4FDB8485201FBFD50099BDEC /* Build configuration list for PBXNativeTarget "Cameraw" */;
			buildPhases = (
				4FDB846F201FBFD50099BDEC /* Sources */,
				4FDB8470201FBFD50099BDEC /* Frameworks */,
				4FDB8471201FBFD50099BDEC /* Resources */,
			);
			buildRules = (
			);
			dependencies = (
			);
			name = Cameraw;
			productName = Cameraw;
			productReference = 4FDB8473201FBFD50099BDEC /* Cameraw.app */;
			productType = "com.apple.product-type.application";
		};
/* End PBXNativeTarget section */

/* Begin PBXProject section */
		4FDB846B201FBFD50099BDEC /* Project object */ = {
			isa = PBXProject;
			attributes = {
				LastSwiftUpdateCheck = 0920;
				LastUpgradeCheck = 0930;
				ORGANIZATIONNAME = "Yangxiao Wang";
				TargetAttributes = {
					4FDB8472201FBFD50099BDEC = {
						CreatedOnToolsVersion = 9.2;
						ProvisioningStyle = Automatic;
						SystemCapabilities = {
							com.apple.InAppPurchase = {
								enabled = 0;
							};
						};
					};
				};
			};
			buildConfigurationList = 4FDB846E201FBFD50099BDEC /* Build configuration list for PBXProject "Cameraw" */;
			compatibilityVersion = "Xcode 8.0";
			developmentRegion = en;
			hasScannedForEncodings = 0;
			knownRegions = (
				en,
				Base,
			);
			mainGroup = 4FDB846A201FBFD50099BDEC;
			productRefGroup = 4FDB8474201FBFD50099BDEC /* Products */;
			projectDirPath = "";
			projectRoot = "";
			targets = (
				4FDB8472201FBFD50099BDEC /* Cameraw */,
			);
		};
/* End PBXProject section */

/* Begin PBXResourcesBuildPhase section */
		4FDB8471201FBFD50099BDEC /* Resources */ = {
			isa = PBXResourcesBuildPhase;
			buildActionMask = 2147483647;
			files = (
				4FDB8481201FBFD50099BDEC /* LaunchScreen.storyboard in Resources */,
				4FDB847E201FBFD50099BDEC /* Assets.xcassets in Resources */,
				4FDB847C201FBFD50099BDEC /* Main.storyboard in Resources */,
			);
			runOnlyForDeploymentPostprocessing = 0;
		};
/* End PBXResourcesBuildPhase section */

/* Begin PBXSourcesBuildPhase section */
		4FDB846F201FBFD50099BDEC /* Sources */ = {
			isa = PBXSourcesBuildPhase;
			buildActionMask = 2147483647;
			files = (
				4F8EA46C205C557A009E8B2A /* SettingViewController.swift in Sources */,
				4FF5E286205C6336001CB5F8 /* AddSettingViewController.swift in Sources */,
				4FDB8479201FBFD50099BDEC /* CamViewController.swift in Sources */,
				4FF5E28A205C6ADF001CB5F8 /* SettingsController.swift in Sources */,
				4FF5E28C205C6B4D001CB5F8 /* SettingObj.swift in Sources */,
				4FDB8477201FBFD50099BDEC /* AppDelegate.swift in Sources */,
				4FDB848B202BF1C70099BDEC /* PhotoCaptureDelegate.swift in Sources */,
				4FDB8489201FCC1A0099BDEC /* PreviewView.swift in Sources */,
			);
			runOnlyForDeploymentPostprocessing = 0;
		};
/* End PBXSourcesBuildPhase section */

/* Begin PBXVariantGroup section */
		4FDB847A201FBFD50099BDEC /* Main.storyboard */ = {
			isa = PBXVariantGroup;
			children = (
				4FDB847B201FBFD50099BDEC /* Base */,
			);
			name = Main.storyboard;
			sourceTree = "<group>";
		};
		4FDB847F201FBFD50099BDEC /* LaunchScreen.storyboard */ = {
			isa = PBXVariantGroup;
			children = (
				4FDB8480201FBFD50099BDEC /* Base */,
			);
			name = LaunchScreen.storyboard;
			sourceTree = "<group>";
		};
/* End PBXVariantGroup section */

/* Begin XCBuildConfiguration section */
		4FDB8483201FBFD50099BDEC /* Debug */ = {
			isa = XCBuildConfiguration;
			buildSettings = {
				ALWAYS_SEARCH_USER_PATHS = NO;
				CLANG_ANALYZER_NONNULL = YES;
				CLANG_ANALYZER_NUMBER_OBJECT_CONVERSION = YES_AGGRESSIVE;
				CLANG_CXX_LANGUAGE_STANDARD = "gnu++14";
				CLANG_CXX_LIBRARY = "libc++";
				CLANG_ENABLE_MODULES = YES;
				CLANG_ENABLE_OBJC_ARC = YES;
				CLANG_WARN_BLOCK_CAPTURE_AUTORELEASING = YES;
				CLANG_WARN_BOOL_CONVERSION = YES;
				CLANG_WARN_COMMA = YES;
				CLANG_WARN_CONSTANT_CONVERSION = YES;
				CLANG_WARN_DEPRECATED_OBJC_IMPLEMENTATIONS = YES;
				CLANG_WARN_DIRECT_OBJC_ISA_USAGE = YES_ERROR;
				CLANG_WARN_DOCUMENTATION_COMMENTS = YES;
				CLANG_WARN_EMPTY_BODY = YES;
				CLANG_WARN_ENUM_CONVERSION = YES;
				CLANG_WARN_INFINITE_RECURSION = YES;
				CLANG_WARN_INT_CONVERSION = YES;
				CLANG_WARN_NON_LITERAL_NULL_CONVERSION = YES;
				CLANG_WARN_OBJC_IMPLICIT_RETAIN_SELF = YES;
				CLANG_WARN_OBJC_LITERAL_CONVERSION = YES;
				CLANG_WARN_OBJC_ROOT_CLASS = YES_ERROR;
				CLANG_WARN_RANGE_LOOP_ANALYSIS = YES;
				CLANG_WARN_STRICT_PROTOTYPES = YES;
				CLANG_WARN_SUSPICIOUS_MOVE = YES;
				CLANG_WARN_UNGUARDED_AVAILABILITY = YES_AGGRESSIVE;
				CLANG_WARN_UNREACHABLE_CODE = YES;
				CLANG_WARN__DUPLICATE_METHOD_MATCH = YES;
				CODE_SIGN_IDENTITY = "iPhone Developer";
				COPY_PHASE_STRIP = NO;
				DEBUG_INFORMATION_FORMAT = dwarf;
				ENABLE_STRICT_OBJC_MSGSEND = YES;
				ENABLE_TESTABILITY = YES;
				GCC_C_LANGUAGE_STANDARD = gnu11;
				GCC_DYNAMIC_NO_PIC = NO;
				GCC_NO_COMMON_BLOCKS = YES;
				GCC_OPTIMIZATION_LEVEL = 0;
				GCC_PREPROCESSOR_DEFINITIONS = (
					"DEBUG=1",
					"$(inherited)",
				);
				GCC_WARN_64_TO_32_BIT_CONVERSION = YES;
				GCC_WARN_ABOUT_RETURN_TYPE = YES_ERROR;
				GCC_WARN_UNDECLARED_SELECTOR = YES;
				GCC_WARN_UNINITIALIZED_AUTOS = YES_AGGRESSIVE;
				GCC_WARN_UNUSED_FUNCTION = YES;
				GCC_WARN_UNUSED_VARIABLE = YES;
				IPHONEOS_DEPLOYMENT_TARGET = 11.3;
				MTL_ENABLE_DEBUG_INFO = YES;
				ONLY_ACTIVE_ARCH = YES;
				SDKROOT = iphoneos;
				SWIFT_ACTIVE_COMPILATION_CONDITIONS = DEBUG;
				SWIFT_OPTIMIZATION_LEVEL = "-Onone";
			};
			name = Debug;
		};
		4FDB8484201FBFD50099BDEC /* Release */ = {
			isa = XCBuildConfiguration;
			buildSettings = {
				ALWAYS_SEARCH_USER_PATHS = NO;
				CLANG_ANALYZER_NONNULL = YES;
				CLANG_ANALYZER_NUMBER_OBJECT_CONVERSION = YES_AGGRESSIVE;
				CLANG_CXX_LANGUAGE_STANDARD = "gnu++14";
				CLANG_CXX_LIBRARY = "libc++";
				CLANG_ENABLE_MODULES = YES;
				CLANG_ENABLE_OBJC_ARC = YES;
				CLANG_WARN_BLOCK_CAPTURE_AUTORELEASING = YES;
				CLANG_WARN_BOOL_CONVERSION = YES;
				CLANG_WARN_COMMA = YES;
				CLANG_WARN_CONSTANT_CONVERSION = YES;
				CLANG_WARN_DEPRECATED_OBJC_IMPLEMENTATIONS = YES;
				CLANG_WARN_DIRECT_OBJC_ISA_USAGE = YES_ERROR;
				CLANG_WARN_DOCUMENTATION_COMMENTS = YES;
				CLANG_WARN_EMPTY_BODY = YES;
				CLANG_WARN_ENUM_CONVERSION = YES;
				CLANG_WARN_INFINITE_RECURSION = YES;
				CLANG_WARN_INT_CONVERSION = YES;
				CLANG_WARN_NON_LITERAL_NULL_CONVERSION = YES;
				CLANG_WARN_OBJC_IMPLICIT_RETAIN_SELF = YES;
				CLANG_WARN_OBJC_LITERAL_CONVERSION = YES;
				CLANG_WARN_OBJC_ROOT_CLASS = YES_ERROR;
				CLANG_WARN_RANGE_LOOP_ANALYSIS = YES;
				CLANG_WARN_STRICT_PROTOTYPES = YES;
				CLANG_WARN_SUSPICIOUS_MOVE = YES;
				CLANG_WARN_UNGUARDED_AVAILABILITY = YES_AGGRESSIVE;
				CLANG_WARN_UNREACHABLE_CODE = YES;
				CLANG_WARN__DUPLICATE_METHOD_MATCH = YES;
				CODE_SIGN_IDENTITY = "iPhone Developer";
				COPY_PHASE_STRIP = NO;
				DEBUG_INFORMATION_FORMAT = "dwarf-with-dsym";
				ENABLE_NS_ASSERTIONS = NO;
				ENABLE_STRICT_OBJC_MSGSEND = YES;
				GCC_C_LANGUAGE_STANDARD = gnu11;
				GCC_NO_COMMON_BLOCKS = YES;
				GCC_WARN_64_TO_32_BIT_CONVERSION = YES;
				GCC_WARN_ABOUT_RETURN_TYPE = YES_ERROR;
				GCC_WARN_UNDECLARED_SELECTOR = YES;
				GCC_WARN_UNINITIALIZED_AUTOS = YES_AGGRESSIVE;
				GCC_WARN_UNUSED_FUNCTION = YES;
				GCC_WARN_UNUSED_VARIABLE = YES;
				IPHONEOS_DEPLOYMENT_TARGET = 11.3;
				MTL_ENABLE_DEBUG_INFO = NO;
				SDKROOT = iphoneos;
				SWIFT_OPTIMIZATION_LEVEL = "-Owholemodule";
				VALIDATE_PRODUCT = YES;
			};
			name = Release;
		};
		4FDB8486201FBFD50099BDEC /* Debug */ = {
			isa = XCBuildConfiguration;
			buildSettings = {
				ASSETCATALOG_COMPILER_APPICON_NAME = AppIcon;
				CODE_SIGN_STYLE = Automatic;
				DEVELOPMENT_TEAM = MX32H8HK28;
				INFOPLIST_FILE = Cameraw/Info.plist;
				IPHONEOS_DEPLOYMENT_TARGET = 11.3;
				LD_RUNPATH_SEARCH_PATHS = "$(inherited) @executable_path/Frameworks";
				PRODUCT_BUNDLE_IDENTIFIER = com.yangxiao.Cameraw;
				PRODUCT_NAME = "$(TARGET_NAME)";
				SWIFT_VERSION = 4.0;
				TARGETED_DEVICE_FAMILY = "1,2";
			};
			name = Debug;
		};
		4FDB8487201FBFD50099BDEC /* Release */ = {
			isa = XCBuildConfiguration;
			buildSettings = {
				ASSETCATALOG_COMPILER_APPICON_NAME = AppIcon;
				CODE_SIGN_STYLE = Automatic;
				DEVELOPMENT_TEAM = MX32H8HK28;
				INFOPLIST_FILE = Cameraw/Info.plist;
				IPHONEOS_DEPLOYMENT_TARGET = 11.3;
				LD_RUNPATH_SEARCH_PATHS = "$(inherited) @executable_path/Frameworks";
				PRODUCT_BUNDLE_IDENTIFIER = com.yangxiao.Cameraw;
				PRODUCT_NAME = "$(TARGET_NAME)";
				SWIFT_VERSION = 4.0;
				TARGETED_DEVICE_FAMILY = "1,2";
			};
			name = Release;
		};
/* End XCBuildConfiguration section */

/* Begin XCConfigurationList section */
		4FDB846E201FBFD50099BDEC /* Build configuration list for PBXProject "Cameraw" */ = {
			isa = XCConfigurationList;
			buildConfigurations = (
				4FDB8483201FBFD50099BDEC /* Debug */,
				4FDB8484201FBFD50099BDEC /* Release */,
			);
			defaultConfigurationIsVisible = 0;
			defaultConfigurationName = Release;
		};
		4FDB8485201FBFD50099BDEC /* Build configuration list for PBXNativeTarget "Cameraw" */ = {
			isa = XCConfigurationList;
			buildConfigurations = (
				4FDB8486201FBFD50099BDEC /* Debug */,
				4FDB8487201FBFD50099BDEC /* Release */,
			);
			defaultConfigurationIsVisible = 0;
			defaultConfigurationName = Release;
		};
/* End XCConfigurationList section */
	};
	rootObject = 4FDB846B201FBFD50099BDEC /* Project object */;
}
